
Microsoft Visual Studio Solution File, Format Version 12.00
# Visual Studio Version 16
VisualStudioVersion = 16.0.29519.181
MinimumVisualStudioVersion = 10.0.40219.1
Project("{FAE04EC0-301F-11D3-BF4B-00C04F79EFBC}") = "SeaBattle", "SeaBattle\SeaBattle.csproj", "{BC9BA219-3410-4A0D-A5B5-7E5712149BE2}"
EndProject
Global
	GlobalSection(SolutionConfigurationPlatforms) = preSolution
		Debug|Any CPU = Debug|Any CPU
		Release|Any CPU = Release|Any CPU
	EndGlobalSection
	GlobalSection(ProjectConfigurationPlatforms) = postSolution
		{BC9BA219-3410-4A0D-A5B5-7E5712149BE2}.Debug|Any CPU.ActiveCfg = Debug|Any CPU
		{BC9BA219-3410-4A0D-A5B5-7E5712149BE2}.Debug|Any CPU.Build.0 = Debug|Any CPU
		{BC9BA219-3410-4A0D-A5B5-7E5712149BE2}.Release|Any CPU.ActiveCfg = Release|Any CPU
		{BC9BA219-3410-4A0D-A5B5-7E5712149BE2}.Release|Any CPU.Build.0 = Release|Any CPU
	EndGlobalSection
	GlobalSection(SolutionProperties) = preSolution
		HideSolutionNode = FALSE
	EndGlobalSection
	GlobalSection(ExtensibilityGlobals) = postSolution
		SolutionGuid = {D86ABE35-B2DD-4453-B74B-17F043F6B001}
	EndGlobalSection
EndGlobal
